<?xml version="1.0" encoding="UTF-8"?>
<CONFIG>
  <ProjectOptions>
    <Version Value="12"/>
    <PathDelim Value="\"/>
    <General>
      <Flags>
        <MainUnitHasCreateFormStatements Value="False"/>
        <MainUnitHasTitleStatement Value="False"/>
        <MainUnitHasScaledStatement Value="False"/>
        <CompatibilityMode Value="True"/>
      </Flags>
      <SessionStorage Value="InProjectDir"/>
      <Title Value="Console"/>
      <UseAppBundle Value="False"/>
      <ResourceType Value="res"/>
    </General>
    <BuildModes Count="1">
      <Item1 Name="Default" Default="True"/>
    </BuildModes>
    <PublishOptions>
      <Version Value="2"/>
      <UseFileFilters Value="True"/>
    </PublishOptions>
    <RunParams>
      <FormatVersion Value="2"/>
    </RunParams>
    <Units Count="1">
      <Unit0>
        <Filename Value="Console.lpr"/>
        <IsPartOfProject Value="True"/>
      </Unit0>
    </Units>
  </ProjectOptions>
  <CompilerOptions>
    <Version Value="11"/>
    <PathDelim Value="\"/>
    <Target>
      <Filename Value="Console"/>
    </Target>
    <SearchPaths>
      <IncludeFiles Value="$(ProjOutDir)"/>
      <OtherUnitFiles Value="..\..\..\src;modules\.dcp;modules\.dcu;modules;modules\hashlib4pascal\HashLib\src\Base;modules\hashlib4pascal\HashLib\src\Checksum;modules\hashlib4pascal\HashLib\src\Crypto\Blake2BParams;modules\hashlib4pascal\HashLib\src\Crypto\Blake2SParams;modules\hashlib4pascal\HashLib\src\Crypto;modules\hashlib4pascal\HashLib\src\Hash128;modules\hashlib4pascal\HashLib\src\Hash32;modules\hashlib4pascal\HashLib\src\Hash64;modules\hashlib4pascal\HashLib\src\Include;modules\hashlib4pascal\HashLib\src\Interfaces;modules\hashlib4pascal\HashLib\src\Interfaces\IBlake2BParams;modules\hashlib4pascal\HashLib\src\Interfaces\IBlake2SParams;modules\hashlib4pascal\HashLib\src\KDF;modules\hashlib4pascal\HashLib\src\NullDigest;modules\hashlib4pascal\HashLib\src\Nullable;modules\hashlib4pascal\HashLib\src\Packages\FPC;modules\hashlib4pascal\HashLib\src\Utils;modules\hashlib4pascal\HashLib.Benchmark\src\Core;modules\hashlib4pascal\HashLib.Benchmark\src\Forms\FMX;modules\hashlib4pascal\HashLib.Tests\src;modules\horse\src"/>
      <UnitOutputDirectory Value="lib\$(TargetCPU)-$(TargetOS)"/>
    </SearchPaths>
    <Linking>
      <Debugging>
        <DebugInfoType Value="dsDwarf2Set"/>
      </Debugging>
    </Linking>
    <Other>
      <CustomOptions Value="-dUseCThreads"/>
    </Other>
  </CompilerOptions>
  <Debugging>
    <Exceptions Count="4">
      <Item1>
        <Name Value="EAbort"/>
      </Item1>
      <Item2>
        <Name Value="ECodetoolError"/>
      </Item2>
      <Item3>
        <Name Value="EFOpenError"/>
      </Item3>
      <Item4>
        <Name Value="EResNotFound"/>
      </Item4>
    </Exceptions>
  </Debugging>
</CONFIG>
